
Microsoft Visual Studio Solution File, Format Version 12.00
# Visual Studio Version 16
VisualStudioVersion = 16.0.30320.27
MinimumVisualStudioVersion = 10.0.40219.1
Project("{FAE04EC0-301F-11D3-BF4B-00C04F79EFBC}") = "TestGithub1", "TestGithub1\TestGithub1.csproj", "{959CD9D9-145C-463E-A240-65879AD65D57}"
EndProject
Global
	GlobalSection(SolutionConfigurationPlatforms) = preSolution
		Debug|Any CPU = Debug|Any CPU
		Release|Any CPU = Release|Any CPU
	EndGlobalSection
	GlobalSection(ProjectConfigurationPlatforms) = postSolution
		{959CD9D9-145C-463E-A240-65879AD65D57}.Debug|Any CPU.ActiveCfg = Debug|Any CPU
		{959CD9D9-145C-463E-A240-65879AD65D57}.Debug|Any CPU.Build.0 = Debug|Any CPU
		{959CD9D9-145C-463E-A240-65879AD65D57}.Release|Any CPU.ActiveCfg = Release|Any CPU
		{959CD9D9-145C-463E-A240-65879AD65D57}.Release|Any CPU.Build.0 = Release|Any CPU
	EndGlobalSection
	GlobalSection(SolutionProperties) = preSolution
		HideSolutionNode = FALSE
	EndGlobalSection
	GlobalSection(ExtensibilityGlobals) = postSolution
		SolutionGuid = {C26E3271-4E2C-44BE-9752-7D34134C2E1B}
	EndGlobalSection
EndGlobal
